
Microsoft Visual Studio Solution File, Format Version 12.00
# Visual Studio Version 16
VisualStudioVersion = 16.0.30611.23
MinimumVisualStudioVersion = 10.0.40219.1
Project("{8BC9CEB8-8B4A-11D0-8D11-00A0C91BC942}") = "Project11", "Project11\Project11.vcxproj", "{72672407-194C-4F59-B0E0-90581A0CA647}"
EndProject
Global
	GlobalSection(SolutionConfigurationPlatforms) = preSolution
		Debug|x64 = Debug|x64
		Debug|x86 = Debug|x86
		Release|x64 = Release|x64
		Release|x86 = Release|x86
	EndGlobalSection
	GlobalSection(ProjectConfigurationPlatforms) = postSolution
		{72672407-194C-4F59-B0E0-90581A0CA647}.Debug|x64.ActiveCfg = Debug|x64
		{72672407-194C-4F59-B0E0-90581A0CA647}.Debug|x64.Build.0 = Debug|x64
		{72672407-194C-4F59-B0E0-90581A0CA647}.Debug|x86.ActiveCfg = Debug|Win32
		{72672407-194C-4F59-B0E0-90581A0CA647}.Debug|x86.Build.0 = Debug|Win32
		{72672407-194C-4F59-B0E0-90581A0CA647}.Release|x64.ActiveCfg = Release|x64
		{72672407-194C-4F59-B0E0-90581A0CA647}.Release|x64.Build.0 = Release|x64
		{72672407-194C-4F59-B0E0-90581A0CA647}.Release|x86.ActiveCfg = Release|Win32
		{72672407-194C-4F59-B0E0-90581A0CA647}.Release|x86.Build.0 = Release|Win32
	EndGlobalSection
	GlobalSection(SolutionProperties) = preSolution
		HideSolutionNode = FALSE
	EndGlobalSection
	GlobalSection(ExtensibilityGlobals) = postSolution
		SolutionGuid = {C4AAFF0E-B131-42A8-A9FE-66F4D8FE2514}
	EndGlobalSection
EndGlobal
