"lab4.exe" (Win32). Загружено "C:\github\labs\lab4\Debug\lab4.exe". Символы загружены.
"lab4.exe" (Win32). Загружено "C:\Windows\SysWOW64\ntdll.dll". 
"lab4.exe" (Win32). Загружено "C:\Windows\SysWOW64\kernel32.dll". 
"lab4.exe" (Win32). Загружено "C:\Windows\SysWOW64\KernelBase.dll". 
"lab4.exe" (Win32). Загружено "C:\Windows\SysWOW64\apphelp.dll". 
"lab4.exe" (Win32). Загружено "C:\Windows\SysWOW64\vcruntime140d.dll". 
"lab4.exe" (Win32). Загружено "C:\Windows\SysWOW64\ucrtbased.dll". 
Поток 0x1870 завершился с кодом 0 (0x0).
"lab4.exe" (Win32). Загружено "C:\Windows\SysWOW64\kernel.appcore.dll". 
"lab4.exe" (Win32). Загружено "C:\Windows\SysWOW64\msvcrt.dll". 
"lab4.exe" (Win32). Загружено "C:\Windows\SysWOW64\rpcrt4.dll". 
Поток 0x457c завершился с кодом 0 (0x0).
Поток 0x4dd8 завершился с кодом 0 (0x0).
Программа "[16228] lab4.exe" завершилась с кодом 0 (0x0).
