"lab 1(new).exe" (Win32). Загружено "C:\github\labs\lab 1(new)\lab 1(new)\Debug\lab 1(new).exe". Символы загружены.
"lab 1(new).exe" (Win32). Загружено "C:\Windows\SysWOW64\ntdll.dll". 
"lab 1(new).exe" (Win32). Загружено "C:\Windows\SysWOW64\kernel32.dll". 
"lab 1(new).exe" (Win32). Загружено "C:\Windows\SysWOW64\KernelBase.dll". 
"lab 1(new).exe" (Win32). Загружено "C:\Windows\SysWOW64\vcruntime140d.dll". 
"lab 1(new).exe" (Win32). Загружено "C:\Windows\SysWOW64\ucrtbased.dll". 
Поток 0xe1c завершился с кодом 0 (0x0).
"lab 1(new).exe" (Win32). Загружено "C:\Windows\SysWOW64\kernel.appcore.dll". 
"lab 1(new).exe" (Win32). Загружено "C:\Windows\SysWOW64\msvcrt.dll". 
"lab 1(new).exe" (Win32). Загружено "C:\Windows\SysWOW64\rpcrt4.dll". 
Поток 0x1214 завершился с кодом 0 (0x0).
Поток 0x3014 завершился с кодом 0 (0x0).
Программа "[3708] lab 1(new).exe" завершилась с кодом 0 (0x0).
