"lab 1(new).exe" (Win32). Загружено "C:\github\labs\lab 1(new)\lab 1(new)\Debug\lab 1(new).exe". Символы загружены.
"lab 1(new).exe" (Win32). Загружено "C:\Windows\SysWOW64\ntdll.dll". 
"lab 1(new).exe" (Win32). Загружено "C:\Windows\SysWOW64\kernel32.dll". 
"lab 1(new).exe" (Win32). Загружено "C:\Windows\SysWOW64\KernelBase.dll". 
"lab 1(new).exe" (Win32). Загружено "C:\Windows\SysWOW64\vcruntime140d.dll". 
"lab 1(new).exe" (Win32). Загружено "C:\Windows\SysWOW64\ucrtbased.dll". 
Поток 0x4230 завершился с кодом 0 (0x0).
"lab 1(new).exe" (Win32). Загружено "C:\Windows\SysWOW64\kernel.appcore.dll". 
"lab 1(new).exe" (Win32). Загружено "C:\Windows\SysWOW64\msvcrt.dll". 
"lab 1(new).exe" (Win32). Загружено "C:\Windows\SysWOW64\rpcrt4.dll". 
Поток 0x1e6c завершился с кодом 0 (0x0).
Поток 0x900 завершился с кодом 0 (0x0).
Программа "[14328] lab 1(new).exe" завершилась с кодом 0 (0x0).
