
Microsoft Visual Studio Solution File, Format Version 12.00
# Visual Studio Version 16
VisualStudioVersion = 16.0.30611.23
MinimumVisualStudioVersion = 10.0.40219.1
Project("{8BC9CEB8-8B4A-11D0-8D11-00A0C91BC942}") = "Laba17", "Laba17\Laba17.vcxproj", "{F77FF899-25BE-4FBF-A74A-F916BD1E2F21}"
EndProject
Global
	GlobalSection(SolutionConfigurationPlatforms) = preSolution
		Debug|x64 = Debug|x64
		Debug|x86 = Debug|x86
		Release|x64 = Release|x64
		Release|x86 = Release|x86
	EndGlobalSection
	GlobalSection(ProjectConfigurationPlatforms) = postSolution
		{F77FF899-25BE-4FBF-A74A-F916BD1E2F21}.Debug|x64.ActiveCfg = Debug|x64
		{F77FF899-25BE-4FBF-A74A-F916BD1E2F21}.Debug|x64.Build.0 = Debug|x64
		{F77FF899-25BE-4FBF-A74A-F916BD1E2F21}.Debug|x86.ActiveCfg = Debug|Win32
		{F77FF899-25BE-4FBF-A74A-F916BD1E2F21}.Debug|x86.Build.0 = Debug|Win32
		{F77FF899-25BE-4FBF-A74A-F916BD1E2F21}.Release|x64.ActiveCfg = Release|x64
		{F77FF899-25BE-4FBF-A74A-F916BD1E2F21}.Release|x64.Build.0 = Release|x64
		{F77FF899-25BE-4FBF-A74A-F916BD1E2F21}.Release|x86.ActiveCfg = Release|Win32
		{F77FF899-25BE-4FBF-A74A-F916BD1E2F21}.Release|x86.Build.0 = Release|Win32
	EndGlobalSection
	GlobalSection(SolutionProperties) = preSolution
		HideSolutionNode = FALSE
	EndGlobalSection
	GlobalSection(ExtensibilityGlobals) = postSolution
		SolutionGuid = {D049081C-6850-4311-8B4A-BB06FF562A32}
	EndGlobalSection
EndGlobal
